
Microsoft Visual Studio Solution File, Format Version 12.00
# Visual Studio 2013
VisualStudioVersion = 12.0.31101.0
MinimumVisualStudioVersion = 10.0.40219.1
Project("{FAE04EC0-301F-11D3-BF4B-00C04F79EFBC}") = "Questionnaire", "Questionnaire\Questionnaire.csproj", "{A21359F4-15CB-4BD7-B898-7BDFA2598EF9}"
	ProjectSection(ProjectDependencies) = postProject
		{64E3D715-7613-4D18-893A-C0C5F57B60C5} = {64E3D715-7613-4D18-893A-C0C5F57B60C5}
	EndProjectSection
EndProject
Project("{FAE04EC0-301F-11D3-BF4B-00C04F79EFBC}") = "Questionnaire.Entities", "..\Questionnaire.Entities\Questionnaire.Entities\Questionnaire.Entities.csproj", "{64E3D715-7613-4D18-893A-C0C5F57B60C5}"
EndProject
Project("{FAE04EC0-301F-11D3-BF4B-00C04F79EFBC}") = "Questionnaire.Mailing", "..\Questionnaire.Mailing\Questionnaire.Mailing\Questionnaire.Mailing.csproj", "{9D258341-FF92-433E-816E-F6B252348F96}"
EndProject
Project("{FAE04EC0-301F-11D3-BF4B-00C04F79EFBC}") = "Questionnaire.Webservices", "..\Questionnaire.Webservices\Questionnaire.Webservices.csproj", "{D9FB9DAB-2185-4FE5-B181-D808DC92A65A}"
EndProject
Global
	GlobalSection(SolutionConfigurationPlatforms) = preSolution
		Debug|Any CPU = Debug|Any CPU
		Release|Any CPU = Release|Any CPU
	EndGlobalSection
	GlobalSection(ProjectConfigurationPlatforms) = postSolution
		{A21359F4-15CB-4BD7-B898-7BDFA2598EF9}.Debug|Any CPU.ActiveCfg = Debug|Any CPU
		{A21359F4-15CB-4BD7-B898-7BDFA2598EF9}.Debug|Any CPU.Build.0 = Debug|Any CPU
		{A21359F4-15CB-4BD7-B898-7BDFA2598EF9}.Release|Any CPU.ActiveCfg = Release|Any CPU
		{A21359F4-15CB-4BD7-B898-7BDFA2598EF9}.Release|Any CPU.Build.0 = Release|Any CPU
		{64E3D715-7613-4D18-893A-C0C5F57B60C5}.Debug|Any CPU.ActiveCfg = Debug|Any CPU
		{64E3D715-7613-4D18-893A-C0C5F57B60C5}.Debug|Any CPU.Build.0 = Debug|Any CPU
		{64E3D715-7613-4D18-893A-C0C5F57B60C5}.Release|Any CPU.ActiveCfg = Release|Any CPU
		{64E3D715-7613-4D18-893A-C0C5F57B60C5}.Release|Any CPU.Build.0 = Release|Any CPU
		{9D258341-FF92-433E-816E-F6B252348F96}.Debug|Any CPU.ActiveCfg = Debug|Any CPU
		{9D258341-FF92-433E-816E-F6B252348F96}.Debug|Any CPU.Build.0 = Debug|Any CPU
		{9D258341-FF92-433E-816E-F6B252348F96}.Release|Any CPU.ActiveCfg = Release|Any CPU
		{9D258341-FF92-433E-816E-F6B252348F96}.Release|Any CPU.Build.0 = Release|Any CPU
		{D9FB9DAB-2185-4FE5-B181-D808DC92A65A}.Debug|Any CPU.ActiveCfg = Debug|Any CPU
		{D9FB9DAB-2185-4FE5-B181-D808DC92A65A}.Debug|Any CPU.Build.0 = Debug|Any CPU
		{D9FB9DAB-2185-4FE5-B181-D808DC92A65A}.Release|Any CPU.ActiveCfg = Release|Any CPU
		{D9FB9DAB-2185-4FE5-B181-D808DC92A65A}.Release|Any CPU.Build.0 = Release|Any CPU
	EndGlobalSection
	GlobalSection(SolutionProperties) = preSolution
		HideSolutionNode = FALSE
	EndGlobalSection
EndGlobal
